Microsoft Visual Studio Solution File, Format Version 11.00
# Visual Studio 2010
Project("{8BC9CEB8-8B4A-11D0-8D11-00A0C91BC942}") = "CP_Main", "CP_Main.vcxproj", "{D90F6EAF-861C-0A85-1208-EF129A0A92E9}"
	ProjectSection(ProjectDependencies) = postProject
		{F08A8736-1116-4166-AF88-CF533E41E958} = {F08A8736-1116-4166-AF88-CF533E41E958}
		{CF8F6379-5340-4494-8E59-2807ADF37B95} = {CF8F6379-5340-4494-8E59-2807ADF37B95}
		{E4AB8C80-F35F-451E-853B-07CEDD49E500} = {E4AB8C80-F35F-451E-853B-07CEDD49E500}
	EndProjectSection
EndProject
Project("{8BC9CEB8-8B4A-11D0-8D11-00A0C91BC942}") = "DittoUtil", "Addins\DittoUtil\DittoUtil.vcxproj", "{CF8F6379-5340-4494-8E59-2807ADF37B95}"
EndProject
Project("{8BC9CEB8-8B4A-11D0-8D11-00A0C91BC942}") = "EncryptDecrypt", "EncryptDecrypt\EncryptDecrypt.vcxproj", "{F08A8736-1116-4166-AF88-CF533E41E958}"
EndProject
Project("{8BC9CEB8-8B4A-11D0-8D11-00A0C91BC942}") = "focus", "focusdll\focus.vcxproj", "{E4AB8C80-F35F-451E-853B-07CEDD49E500}"
EndProject
Global
	GlobalSection(SolutionConfigurationPlatforms) = preSolution
		Debug|Win32 = Debug|Win32
		Debug|x64 = Debug|x64
		Release|Win32 = Release|Win32
		Release|x64 = Release|x64
	EndGlobalSection
	GlobalSection(ProjectConfigurationPlatforms) = postSolution
		{D90F6EAF-861C-0A85-1208-EF129A0A92E9}.Debug|Win32.ActiveCfg = Debug|Win32
		{D90F6EAF-861C-0A85-1208-EF129A0A92E9}.Debug|Win32.Build.0 = Debug|Win32
		{D90F6EAF-861C-0A85-1208-EF129A0A92E9}.Debug|x64.ActiveCfg = Debug|x64
		{D90F6EAF-861C-0A85-1208-EF129A0A92E9}.Debug|x64.Build.0 = Debug|x64
		{D90F6EAF-861C-0A85-1208-EF129A0A92E9}.Release|Win32.ActiveCfg = Release|Win32
		{D90F6EAF-861C-0A85-1208-EF129A0A92E9}.Release|Win32.Build.0 = Release|Win32
		{D90F6EAF-861C-0A85-1208-EF129A0A92E9}.Release|x64.ActiveCfg = Release|x64
		{D90F6EAF-861C-0A85-1208-EF129A0A92E9}.Release|x64.Build.0 = Release|x64
		{CF8F6379-5340-4494-8E59-2807ADF37B95}.Debug|Win32.ActiveCfg = Debug|Win32
		{CF8F6379-5340-4494-8E59-2807ADF37B95}.Debug|Win32.Build.0 = Debug|Win32
		{CF8F6379-5340-4494-8E59-2807ADF37B95}.Debug|x64.ActiveCfg = Debug|x64
		{CF8F6379-5340-4494-8E59-2807ADF37B95}.Debug|x64.Build.0 = Debug|x64
		{CF8F6379-5340-4494-8E59-2807ADF37B95}.Release|Win32.ActiveCfg = Release|Win32
		{CF8F6379-5340-4494-8E59-2807ADF37B95}.Release|Win32.Build.0 = Release|Win32
		{CF8F6379-5340-4494-8E59-2807ADF37B95}.Release|x64.ActiveCfg = Release|x64
		{CF8F6379-5340-4494-8E59-2807ADF37B95}.Release|x64.Build.0 = Release|x64
		{F08A8736-1116-4166-AF88-CF533E41E958}.Debug|Win32.ActiveCfg = Debug|Win32
		{F08A8736-1116-4166-AF88-CF533E41E958}.Debug|Win32.Build.0 = Debug|Win32
		{F08A8736-1116-4166-AF88-CF533E41E958}.Debug|x64.ActiveCfg = Debug|x64
		{F08A8736-1116-4166-AF88-CF533E41E958}.Debug|x64.Build.0 = Debug|x64
		{F08A8736-1116-4166-AF88-CF533E41E958}.Release|Win32.ActiveCfg = Release|Win32
		{F08A8736-1116-4166-AF88-CF533E41E958}.Release|Win32.Build.0 = Release|Win32
		{F08A8736-1116-4166-AF88-CF533E41E958}.Release|x64.ActiveCfg = Release|x64
		{F08A8736-1116-4166-AF88-CF533E41E958}.Release|x64.Build.0 = Release|x64
		{E4AB8C80-F35F-451E-853B-07CEDD49E500}.Debug|Win32.ActiveCfg = Debug|Win32
		{E4AB8C80-F35F-451E-853B-07CEDD49E500}.Debug|Win32.Build.0 = Debug|Win32
		{E4AB8C80-F35F-451E-853B-07CEDD49E500}.Debug|x64.ActiveCfg = Debug|x64
		{E4AB8C80-F35F-451E-853B-07CEDD49E500}.Debug|x64.Build.0 = Debug|x64
		{E4AB8C80-F35F-451E-853B-07CEDD49E500}.Release|Win32.ActiveCfg = Release|Win32
		{E4AB8C80-F35F-451E-853B-07CEDD49E500}.Release|Win32.Build.0 = Release|Win32
		{E4AB8C80-F35F-451E-853B-07CEDD49E500}.Release|x64.ActiveCfg = Release|x64
		{E4AB8C80-F35F-451E-853B-07CEDD49E500}.Release|x64.Build.0 = Release|x64
	EndGlobalSection
	GlobalSection(SolutionProperties) = preSolution
		HideSolutionNode = FALSE
	EndGlobalSection
EndGlobal
