<?xml version="1.0" encoding="utf-8"?>
<Project ToolsVersion="4.0" xmlns="http://schemas.microsoft.com/developer/msbuild/2003">
  <ItemGroup>
    <ClCompile Include="SymbolEdit.cpp">
      <Filter>source</Filter>
    </ClCompile>
    <ClCompile Include="src\About.cpp">
      <Filter>src</Filter>
    </ClCompile>
    <ClCompile Include="src\Accels.cpp">
      <Filter>src</Filter>
    </ClCompile>
    <ClCompile Include="src\ActionEnums.cpp">
      <Filter>src</Filter>
    </ClCompile>
    <ClCompile Include="src\AddType.cpp">
      <Filter>src</Filter>
    </ClCompile>
    <ClCompile Include="src\AdvGeneral.cpp">
      <Filter>src</Filter>
    </ClCompile>
    <ClCompile Include="src\AlphaBlend.cpp">
      <Filter>src</Filter>
    </ClCompile>
    <ClCompile Include="src\AutoSendToClientThread.cpp">
      <Filter>src</Filter>
    </ClCompile>
    <ClCompile Include="src\BitmapHelper.cpp">
      <Filter>src</Filter>
    </ClCompile>
    <ClCompile Include="src\CF_HDropAggregator.cpp">
      <Filter>src</Filter>
    </ClCompile>
    <ClCompile Include="src\CF_TextAggregator.cpp">
      <Filter>src</Filter>
    </ClCompile>
    <ClCompile Include="src\CF_UnicodeTextAggregator.cpp">
      <Filter>src</Filter>
    </ClCompile>
    <ClCompile Include="src\ChaiScriptOnCopy.cpp">
      <Filter>src</Filter>
    </ClCompile>
    <ClCompile Include="src\ChaiScriptXml.cpp">
      <Filter>src</Filter>
    </ClCompile>
    <ClCompile Include="src\Client.cpp">
      <Filter>src</Filter>
    </ClCompile>
    <ClCompile Include="src\Clip.cpp">
      <Filter>src</Filter>
    </ClCompile>
    <ClCompile Include="src\Clip_ImportExport.cpp">
      <Filter>src</Filter>
    </ClCompile>
    <ClCompile Include="src\ClipboardSaveRestore.cpp">
      <Filter>src</Filter>
    </ClCompile>
    <ClCompile Include="src\ClipboardViewer.cpp">
      <Filter>src</Filter>
    </ClCompile>
    <ClCompile Include="src\ClipCompare.cpp">
      <Filter>src</Filter>
    </ClCompile>
    <ClCompile Include="src\ClipEditThread.cpp">
      <Filter>src</Filter>
    </ClCompile>
    <ClCompile Include="src\ClipFormatQListCtrl.cpp">
      <Filter>src</Filter>
    </ClCompile>
    <ClCompile Include="src\ClipIds.cpp">
      <Filter>src</Filter>
    </ClCompile>
    <ClCompile Include="src\ConvertRTFToText.cpp">
      <Filter>src</Filter>
    </ClCompile>
    <ClCompile Include="src\CopyProperties.cpp">
      <Filter>src</Filter>
    </ClCompile>
    <ClCompile Include="src\CopyThread.cpp">
      <Filter>src</Filter>
    </ClCompile>
    <ClCompile Include="src\CP_Main.cpp">
      <Filter>src</Filter>
    </ClCompile>
    <ClCompile Include="src\Crc32Dynamic.cpp">
      <Filter>src</Filter>
    </ClCompile>
    <ClCompile Include="src\CustomFriendsHelper.cpp">
      <Filter>src</Filter>
    </ClCompile>
    <ClCompile Include="src\DatabaseUtilities.cpp">
      <Filter>src</Filter>
    </ClCompile>
    <ClCompile Include="src\DeleteClipData.cpp">
      <Filter>src</Filter>
    </ClCompile>
    <ClCompile Include="src\DialogResizer.cpp">
      <Filter>src</Filter>
    </ClCompile>
    <ClCompile Include="src\DimWnd.cpp">
      <Filter>src</Filter>
    </ClCompile>
    <ClCompile Include="src\DittoAddin.cpp">
      <Filter>src</Filter>
    </ClCompile>
    <ClCompile Include="src\DittoAddins.cpp">
      <Filter>src</Filter>
    </ClCompile>
    <ClCompile Include="src\DittoChaiScript.cpp">
      <Filter>src</Filter>
    </ClCompile>
    <ClCompile Include="src\DittoCopyBuffer.cpp">
      <Filter>src</Filter>
    </ClCompile>
    <ClCompile Include="src\DittoDropTarget.cpp">
      <Filter>src</Filter>
    </ClCompile>
    <ClCompile Include="src\DittoPopupWindow.cpp">
      <Filter>src</Filter>
    </ClCompile>
    <ClCompile Include="src\DittoWindow.cpp">
      <Filter>src</Filter>
    </ClCompile>
    <ClCompile Include="src\DPI.cpp">
      <Filter>src</Filter>
    </ClCompile>
    <ClCompile Include="src\EditWithButton.cpp">
      <Filter>src</Filter>
    </ClCompile>
    <ClCompile Include="src\EventThread.cpp">
      <Filter>src</Filter>
    </ClCompile>
    <ClCompile Include="src\ExternalWindowTracker.cpp">
      <Filter>src</Filter>
    </ClCompile>
    <ClCompile Include="src\FileRecieve.cpp">
      <Filter>src</Filter>
    </ClCompile>
    <ClCompile Include="src\FileSend.cpp">
      <Filter>src</Filter>
    </ClCompile>
    <ClCompile Include="src\FileTransferProgressDlg.cpp">
      <Filter>src</Filter>
    </ClCompile>
    <ClCompile Include="src\FormatSQL.cpp">
      <Filter>src</Filter>
    </ClCompile>
    <ClCompile Include="src\FormattedTextDraw.cpp">
      <Filter>src</Filter>
    </ClCompile>
    <ClCompile Include="src\FriendDetails.cpp">
      <Filter>src</Filter>
    </ClCompile>
    <ClCompile Include="src\FriendPromptDlg.cpp">
      <Filter>src</Filter>
    </ClCompile>
    <ClCompile Include="src\GdiImageDrawer.cpp">
      <Filter>src</Filter>
    </ClCompile>
    <ClCompile Include="src\GdipButton.cpp">
      <Filter>src</Filter>
    </ClCompile>
    <ClCompile Include="src\GlobalClips.cpp">
      <Filter>src</Filter>
    </ClCompile>
    <ClCompile Include="src\GroupCombo.cpp">
      <Filter>src</Filter>
    </ClCompile>
    <ClCompile Include="src\GroupName.cpp">
      <Filter>src</Filter>
    </ClCompile>
    <ClCompile Include="src\GroupStatic.cpp">
      <Filter>src</Filter>
    </ClCompile>
    <ClCompile Include="src\GroupTree.cpp">
      <Filter>src</Filter>
    </ClCompile>
    <ClCompile Include="src\HListBox.cpp">
      <Filter>src</Filter>
    </ClCompile>
    <ClCompile Include="src\HotKeys.cpp">
      <Filter>src</Filter>
    </ClCompile>
    <ClCompile Include="src\HTMLFormatAggregator.cpp">
      <Filter>src</Filter>
    </ClCompile>
    <ClCompile Include="src\HyperLink.cpp">
      <Filter>src</Filter>
    </ClCompile>
    <ClCompile Include="src\ICU_String.cpp">
      <Filter>src</Filter>
    </ClCompile>
    <ClCompile Include="src\ImageFormatAggregator.cpp">
      <Filter>src</Filter>
    </ClCompile>
    <ClCompile Include="src\ImageHelper.cpp">
      <Filter>src</Filter>
    </ClCompile>
    <ClCompile Include="src\ImageViewer.cpp">
      <Filter>src</Filter>
    </ClCompile>
    <ClCompile Include="src\MagneticWnd.cpp">
      <Filter>src</Filter>
    </ClCompile>
    <ClCompile Include="src\MainFrm.cpp">
      <Filter>src</Filter>
    </ClCompile>
    <ClCompile Include="src\MainFrmThread.cpp">
      <Filter>src</Filter>
    </ClCompile>
    <ClCompile Include="src\MainTableFunctions.cpp">
      <Filter>src</Filter>
    </ClCompile>
    <ClCompile Include="src\Md5.cpp">
      <Filter>src</Filter>
    </ClCompile>
    <ClCompile Include="src\MessagePumpThread.cpp">
      <Filter>src</Filter>
    </ClCompile>
    <ClCompile Include="src\Misc.cpp">
      <Filter>src</Filter>
    </ClCompile>
    <ClCompile Include="src\MoveToGroupDlg.cpp">
      <Filter>src</Filter>
    </ClCompile>
    <ClCompile Include="src\MultiLanguage.cpp">
      <Filter>src</Filter>
    </ClCompile>
    <ClCompile Include="src\MyDropTarget.cpp">
      <Filter>src</Filter>
    </ClCompile>
    <ClCompile Include="src\NoDbFrameWnd.cpp">
      <Filter>src</Filter>
    </ClCompile>
    <ClCompile Include="src\NTray.cpp">
      <Filter>src</Filter>
    </ClCompile>
    <ClCompile Include="src\NumberEdit.cpp">
      <Filter>src</Filter>
    </ClCompile>
    <ClCompile Include="src\OleClipSource.cpp">
      <Filter>src</Filter>
    </ClCompile>
    <ClCompile Include="src\OptionFriends.cpp">
      <Filter>src</Filter>
    </ClCompile>
    <ClCompile Include="src\Options.cpp">
      <Filter>src</Filter>
    </ClCompile>
    <ClCompile Include="src\OptionsCopyBuffers.cpp">
      <Filter>src</Filter>
    </ClCompile>
    <ClCompile Include="src\OptionsGeneral.cpp">
      <Filter>src</Filter>
    </ClCompile>
    <ClCompile Include="src\OptionsKeyBoard.cpp">
      <Filter>src</Filter>
    </ClCompile>
    <ClCompile Include="src\OptionsQuickPaste.cpp">
      <Filter>src</Filter>
    </ClCompile>
    <ClCompile Include="src\OptionsSheet.cpp">
      <Filter>src</Filter>
    </ClCompile>
    <ClCompile Include="src\OptionsStats.cpp">
      <Filter>src</Filter>
    </ClCompile>
    <ClCompile Include="src\OptionsTypes.cpp">
      <Filter>src</Filter>
    </ClCompile>
    <ClCompile Include="src\OptionsUtilities.cpp">
      <Filter>src</Filter>
    </ClCompile>
    <ClCompile Include="src\Path.cpp">
      <Filter>src</Filter>
    </ClCompile>
    <ClCompile Include="src\PerfTimer.cpp">
      <Filter>src</Filter>
    </ClCompile>
    <ClCompile Include="src\Popup.cpp">
      <Filter>src</Filter>
    </ClCompile>
    <ClCompile Include="src\PowerManager.cpp">
      <Filter>src</Filter>
    </ClCompile>
    <ClCompile Include="src\ProcessPaste.cpp">
      <Filter>src</Filter>
    </ClCompile>
    <ClCompile Include="src\ProgressWnd.cpp">
      <Filter>src</Filter>
    </ClCompile>
    <ClCompile Include="src\QListCtrl.cpp">
      <Filter>src</Filter>
    </ClCompile>
    <ClCompile Include="src\QPasteWnd.cpp">
      <Filter>src</Filter>
    </ClCompile>
    <ClCompile Include="src\QPasteWndThread.cpp">
      <Filter>src</Filter>
    </ClCompile>
    <ClCompile Include="src\QRCodeViewer.cpp">
      <Filter>src</Filter>
    </ClCompile>
    <ClCompile Include="src\QuickPaste.cpp">
      <Filter>src</Filter>
    </ClCompile>
    <ClCompile Include="src\QuickPasteKeyboard.cpp">
      <Filter>src</Filter>
    </ClCompile>
    <ClCompile Include="src\RecieveFile.cpp">
      <Filter>src</Filter>
    </ClCompile>
    <ClCompile Include="src\RecieveSocket.cpp">
      <Filter>src</Filter>
    </ClCompile>
    <ClCompile Include="src\RegExFilterHelper.cpp">
      <Filter>src</Filter>
    </ClCompile>
    <ClCompile Include="src\RichEditCtrlEx.cpp">
      <Filter>src</Filter>
    </ClCompile>
    <ClCompile Include="src\RichTextAggregator.cpp">
      <Filter>src</Filter>
    </ClCompile>
    <ClCompile Include="src\SaveAnimation.cpp">
      <Filter>src</Filter>
    </ClCompile>
    <ClCompile Include="src\ScriptEditor.cpp">
      <Filter>src</Filter>
    </ClCompile>
    <ClCompile Include="src\ScrollHelper.cpp">
      <Filter>src</Filter>
    </ClCompile>
    <ClCompile Include="src\SearchEditBox.cpp">
      <Filter>src</Filter>
    </ClCompile>
    <ClCompile Include="src\SelectDB.cpp">
      <Filter>src</Filter>
    </ClCompile>
    <ClCompile Include="src\SendKeys.cpp">
      <Filter>src</Filter>
    </ClCompile>
    <ClCompile Include="src\SendMail.cpp">
      <Filter>src</Filter>
    </ClCompile>
    <ClCompile Include="src\SendSocket.cpp">
      <Filter>src</Filter>
    </ClCompile>
    <ClCompile Include="src\Server.cpp">
      <Filter>src</Filter>
    </ClCompile>
    <ClCompile Include="src\ShowTaskBarIcon.cpp">
      <Filter>src</Filter>
    </ClCompile>
    <ClCompile Include="src\SimpleBrowser.cpp">
      <Filter>src</Filter>
    </ClCompile>
    <ClCompile Include="src\SnapWindow.cpp">
      <Filter>src</Filter>
    </ClCompile>
    <ClCompile Include="src\SpecialPasteOptions.cpp">
      <Filter>src</Filter>
    </ClCompile>
    <ClCompile Include="src\StdAfx.cpp">
      <Filter>src</Filter>
    </ClCompile>
    <ClCompile Include="src\SymbolEdit.cpp">
      <Filter>src</Filter>
    </ClCompile>
    <ClCompile Include="src\SystemTray.cpp">
      <Filter>src</Filter>
    </ClCompile>
    <ClCompile Include="src\TabCtrl.cpp">
      <Filter>src</Filter>
    </ClCompile>
    <ClCompile Include="src\Theme.cpp">
      <Filter>src</Filter>
    </ClCompile>
    <ClCompile Include="src\ToolTipEx.cpp">
      <Filter>src</Filter>
    </ClCompile>
    <ClCompile Include="src\TrayWnd.cpp">
      <Filter>src</Filter>
    </ClCompile>
    <ClCompile Include="src\UAC_Helper.cpp">
      <Filter>src</Filter>
    </ClCompile>
    <ClCompile Include="src\UAC_Thread.cpp">
      <Filter>src</Filter>
    </ClCompile>
    <ClCompile Include="src\WildCardMatch.cpp">
      <Filter>src</Filter>
    </ClCompile>
    <ClCompile Include="src\WndEx.cpp">
      <Filter>src</Filter>
    </ClCompile>
    <ClCompile Include="src\DrawHTML.C">
      <Filter>src</Filter>
    </ClCompile>
    <ClCompile Include="src\TinyXml\tinystr.cpp">
      <Filter>src\TinyXml</Filter>
    </ClCompile>
    <ClCompile Include="src\TinyXml\tinyxml.cpp">
      <Filter>src\TinyXml</Filter>
    </ClCompile>
    <ClCompile Include="src\TinyXml\tinyxmlerror.cpp">
      <Filter>src\TinyXml</Filter>
    </ClCompile>
    <ClCompile Include="src\TinyXml\tinyxmlparser.cpp">
      <Filter>src\TinyXml</Filter>
    </ClCompile>
    <ClCompile Include="src\sqlite\CppSQLite3.cpp">
      <Filter>src\sqlite</Filter>
    </ClCompile>
    <ClCompile Include="src\sqlite\sqlite3mc_amalgamation.c">
      <Filter>src\sqlite</Filter>
    </ClCompile>
  </ItemGroup>
  <ItemGroup>
    <ClInclude Include="SymbolEdit.h">
      <Filter>header</Filter>
    </ClInclude>
    <ClInclude Include="src\About.h">
      <Filter>src</Filter>
    </ClInclude>
    <ClInclude Include="src\Accels.h">
      <Filter>src</Filter>
    </ClInclude>
    <ClInclude Include="src\ActionEnums.h">
      <Filter>src</Filter>
    </ClInclude>
    <ClInclude Include="src\AddType.h">
      <Filter>src</Filter>
    </ClInclude>
    <ClInclude Include="src\AdvGeneral.h">
      <Filter>src</Filter>
    </ClInclude>
    <ClInclude Include="src\AlphaBlend.h">
      <Filter>src</Filter>
    </ClInclude>
    <ClInclude Include="src\AutoSendToClientThread.h">
      <Filter>src</Filter>
    </ClInclude>
    <ClInclude Include="src\BitmapHelper.h">
      <Filter>src</Filter>
    </ClInclude>
    <ClInclude Include="src\CF_HDropAggregator.h">
      <Filter>src</Filter>
    </ClInclude>
    <ClInclude Include="src\CF_TextAggregator.h">
      <Filter>src</Filter>
    </ClInclude>
    <ClInclude Include="src\CF_UnicodeTextAggregator.h">
      <Filter>src</Filter>
    </ClInclude>
    <ClInclude Include="src\CGdiPlusBitmap.h">
      <Filter>src</Filter>
    </ClInclude>
    <ClInclude Include="src\ChaiScriptOnCopy.h">
      <Filter>src</Filter>
    </ClInclude>
    <ClInclude Include="src\ChaiScriptXml.h">
      <Filter>src</Filter>
    </ClInclude>
    <ClInclude Include="src\Client.h">
      <Filter>src</Filter>
    </ClInclude>
    <ClInclude Include="src\Clip.h">
      <Filter>src</Filter>
    </ClInclude>
    <ClInclude Include="src\Clip_ImportExport.h">
      <Filter>src</Filter>
    </ClInclude>
    <ClInclude Include="src\ClipboardSaveRestore.h">
      <Filter>src</Filter>
    </ClInclude>
    <ClInclude Include="src\ClipboardViewer.h">
      <Filter>src</Filter>
    </ClInclude>
    <ClInclude Include="src\ClipCompare.h">
      <Filter>src</Filter>
    </ClInclude>
    <ClInclude Include="src\ClipEditThread.h">
      <Filter>src</Filter>
    </ClInclude>
    <ClInclude Include="src\ClipFormatQListCtrl.h">
      <Filter>src</Filter>
    </ClInclude>
    <ClInclude Include="src\ClipIds.h">
      <Filter>src</Filter>
    </ClInclude>
    <ClInclude Include="src\ConvertRTFToText.h">
      <Filter>src</Filter>
    </ClInclude>
    <ClInclude Include="src\CopyProperties.h">
      <Filter>src</Filter>
    </ClInclude>
    <ClInclude Include="src\CopyThread.h">
      <Filter>src</Filter>
    </ClInclude>
    <ClInclude Include="src\CP_Main.h">
      <Filter>src</Filter>
    </ClInclude>
    <ClInclude Include="src\CP_Main_i.h">
      <Filter>src</Filter>
    </ClInclude>
    <ClInclude Include="src\Crc32Dynamic.h">
      <Filter>src</Filter>
    </ClInclude>
    <ClInclude Include="src\CustomFriendsHelper.h">
      <Filter>src</Filter>
    </ClInclude>
    <ClInclude Include="src\DatabaseUtilities.h">
      <Filter>src</Filter>
    </ClInclude>
    <ClInclude Include="src\DeleteClipData.h">
      <Filter>src</Filter>
    </ClInclude>
    <ClInclude Include="src\DialogResizer.h">
      <Filter>src</Filter>
    </ClInclude>
    <ClInclude Include="src\DIBAPI.H">
      <Filter>src</Filter>
    </ClInclude>
    <ClInclude Include="src\DimWnd.h">
      <Filter>src</Filter>
    </ClInclude>
    <ClInclude Include="src\DittoAddin.h">
      <Filter>src</Filter>
    </ClInclude>
    <ClInclude Include="src\DittoAddins.h">
      <Filter>src</Filter>
    </ClInclude>
    <ClInclude Include="src\DittoChaiScript.h">
      <Filter>src</Filter>
    </ClInclude>
    <ClInclude Include="src\DittoCopyBuffer.h">
      <Filter>src</Filter>
    </ClInclude>
    <ClInclude Include="src\DittoDropTarget.h">
      <Filter>src</Filter>
    </ClInclude>
    <ClInclude Include="src\DittoPopupWindow.h">
      <Filter>src</Filter>
    </ClInclude>
    <ClInclude Include="src\DittoWindow.h">
      <Filter>src</Filter>
    </ClInclude>
    <ClInclude Include="src\DPI.h">
      <Filter>src</Filter>
    </ClInclude>
    <ClInclude Include="src\DrawHTML.h">
      <Filter>src</Filter>
    </ClInclude>
    <ClInclude Include="src\EditWithButton.h">
      <Filter>src</Filter>
    </ClInclude>
    <ClInclude Include="src\EditWnd.h">
      <Filter>src</Filter>
    </ClInclude>
    <ClInclude Include="src\EventThread.h">
      <Filter>src</Filter>
    </ClInclude>
    <ClInclude Include="src\ExternalWindowTracker.h">
      <Filter>src</Filter>
    </ClInclude>
    <ClInclude Include="src\FileRecieve.h">
      <Filter>src</Filter>
    </ClInclude>
    <ClInclude Include="src\FileSend.h">
      <Filter>src</Filter>
    </ClInclude>
    <ClInclude Include="src\FileTransferProgressDlg.h">
      <Filter>src</Filter>
    </ClInclude>
    <ClInclude Include="src\FormatSQL.h">
      <Filter>src</Filter>
    </ClInclude>
    <ClInclude Include="src\FormattedTextDraw.h">
      <Filter>src</Filter>
    </ClInclude>
    <ClInclude Include="src\FriendDetails.h">
      <Filter>src</Filter>
    </ClInclude>
    <ClInclude Include="src\FriendPromptDlg.h">
      <Filter>src</Filter>
    </ClInclude>
    <ClInclude Include="src\GdiImageDrawer.h">
      <Filter>src</Filter>
    </ClInclude>
    <ClInclude Include="src\GdipButton.h">
      <Filter>src</Filter>
    </ClInclude>
    <ClInclude Include="src\GlobalClips.h">
      <Filter>src</Filter>
    </ClInclude>
    <ClInclude Include="src\GroupCombo.h">
      <Filter>src</Filter>
    </ClInclude>
    <ClInclude Include="src\GroupName.h">
      <Filter>src</Filter>
    </ClInclude>
    <ClInclude Include="src\GroupStatic.h">
      <Filter>src</Filter>
    </ClInclude>
    <ClInclude Include="src\GroupTree.h">
      <Filter>src</Filter>
    </ClInclude>
    <ClInclude Include="src\HListBox.h">
      <Filter>src</Filter>
    </ClInclude>
    <ClInclude Include="src\HotKeys.h">
      <Filter>src</Filter>
    </ClInclude>
    <ClInclude Include="src\HTMLFormatAggregator.h">
      <Filter>src</Filter>
    </ClInclude>
    <ClInclude Include="src\httplib.h">
      <Filter>src</Filter>
    </ClInclude>
    <ClInclude Include="src\HyperLink.h">
      <Filter>src</Filter>
    </ClInclude>
    <ClInclude Include="src\IClipAggregator.h">
      <Filter>src</Filter>
    </ClInclude>
    <ClInclude Include="src\ICU_String.h">
      <Filter>src</Filter>
    </ClInclude>
    <ClInclude Include="src\ImageFormatAggregator.h">
      <Filter>src</Filter>
    </ClInclude>
    <ClInclude Include="src\ImageHelper.h">
      <Filter>src</Filter>
    </ClInclude>
    <ClInclude Include="src\ImageViewer.h">
      <Filter>src</Filter>
    </ClInclude>
    <ClInclude Include="src\MagneticWnd.h">
      <Filter>src</Filter>
    </ClInclude>
    <ClInclude Include="src\MainFrm.h">
      <Filter>src</Filter>
    </ClInclude>
    <ClInclude Include="src\MainFrmThread.h">
      <Filter>src</Filter>
    </ClInclude>
    <ClInclude Include="src\MainTableFunctions.h">
      <Filter>src</Filter>
    </ClInclude>
    <ClInclude Include="src\Md5.h">
      <Filter>src</Filter>
    </ClInclude>
    <ClInclude Include="src\memdc.h">
      <Filter>src</Filter>
    </ClInclude>
    <ClInclude Include="src\MessagePumpThread.h">
      <Filter>src</Filter>
    </ClInclude>
    <ClInclude Include="src\Misc.h">
      <Filter>src</Filter>
    </ClInclude>
    <ClInclude Include="src\MoveToGroupDlg.h">
      <Filter>src</Filter>
    </ClInclude>
    <ClInclude Include="src\MultiLanguage.h">
      <Filter>src</Filter>
    </ClInclude>
    <ClInclude Include="src\MyDropTarget.h">
      <Filter>src</Filter>
    </ClInclude>
    <ClInclude Include="src\NoDbFrameWnd.h">
      <Filter>src</Filter>
    </ClInclude>
    <ClInclude Include="src\NTray.h">
      <Filter>src</Filter>
    </ClInclude>
    <ClInclude Include="src\NumberEdit.h">
      <Filter>src</Filter>
    </ClInclude>
    <ClInclude Include="src\OleClipSource.h">
      <Filter>src</Filter>
    </ClInclude>
    <ClInclude Include="src\OptionFriends.h">
      <Filter>src</Filter>
    </ClInclude>
    <ClInclude Include="src\Options.h">
      <Filter>src</Filter>
    </ClInclude>
    <ClInclude Include="src\OptionsCopyBuffers.h">
      <Filter>src</Filter>
    </ClInclude>
    <ClInclude Include="src\OptionsGeneral.h">
      <Filter>src</Filter>
    </ClInclude>
    <ClInclude Include="src\OptionsKeyBoard.h">
      <Filter>src</Filter>
    </ClInclude>
    <ClInclude Include="src\OptionsQuickPaste.h">
      <Filter>src</Filter>
    </ClInclude>
    <ClInclude Include="src\OptionsSheet.h">
      <Filter>src</Filter>
    </ClInclude>
    <ClInclude Include="src\OptionsStats.h">
      <Filter>src</Filter>
    </ClInclude>
    <ClInclude Include="src\OptionsTypes.h">
      <Filter>src</Filter>
    </ClInclude>
    <ClInclude Include="src\OptionsUtilities.h">
      <Filter>src</Filter>
    </ClInclude>
    <ClInclude Include="src\Path.h">
      <Filter>src</Filter>
    </ClInclude>
    <ClInclude Include="src\PerfTimer.h">
      <Filter>src</Filter>
    </ClInclude>
    <ClInclude Include="src\Popup.h">
      <Filter>src</Filter>
    </ClInclude>
    <ClInclude Include="src\PowerManager.h">
      <Filter>src</Filter>
    </ClInclude>
    <ClInclude Include="src\ProcessPaste.h">
      <Filter>src</Filter>
    </ClInclude>
    <ClInclude Include="src\ProgressWnd.h">
      <Filter>src</Filter>
    </ClInclude>
    <ClInclude Include="src\QListCtrl.h">
      <Filter>src</Filter>
    </ClInclude>
    <ClInclude Include="src\QPasteWnd.h">
      <Filter>src</Filter>
    </ClInclude>
    <ClInclude Include="src\QPasteWndThread.h">
      <Filter>src</Filter>
    </ClInclude>
    <ClInclude Include="src\QRCodeViewer.h">
      <Filter>src</Filter>
    </ClInclude>
    <ClInclude Include="src\QuickPaste.h">
      <Filter>src</Filter>
    </ClInclude>
    <ClInclude Include="src\QuickPasteKeyboard.h">
      <Filter>src</Filter>
    </ClInclude>
    <ClInclude Include="src\RecieveFile.h">
      <Filter>src</Filter>
    </ClInclude>
    <ClInclude Include="src\RecieveSocket.h">
      <Filter>src</Filter>
    </ClInclude>
    <ClInclude Include="src\RegExFilterHelper.h">
      <Filter>src</Filter>
    </ClInclude>
    <ClInclude Include="src\Resource.h">
      <Filter>src</Filter>
    </ClInclude>
    <ClInclude Include="src\RichEditCtrlEx.h">
      <Filter>src</Filter>
    </ClInclude>
    <ClInclude Include="src\RichTextAggregator.h">
      <Filter>src</Filter>
    </ClInclude>
    <ClInclude Include="src\SaveAnimation.h">
      <Filter>src</Filter>
    </ClInclude>
    <ClInclude Include="src\ScriptEditor.h">
      <Filter>src</Filter>
    </ClInclude>
    <ClInclude Include="src\ScrollHelper.h">
      <Filter>src</Filter>
    </ClInclude>
    <ClInclude Include="src\SearchEditBox.h">
      <Filter>src</Filter>
    </ClInclude>
    <ClInclude Include="src\SelectDB.h">
      <Filter>src</Filter>
    </ClInclude>
    <ClInclude Include="src\SendKeys.h">
      <Filter>src</Filter>
    </ClInclude>
    <ClInclude Include="src\SendMail.h">
      <Filter>src</Filter>
    </ClInclude>
    <ClInclude Include="src\SendSocket.h">
      <Filter>src</Filter>
    </ClInclude>
    <ClInclude Include="src\Server.h">
      <Filter>src</Filter>
    </ClInclude>
    <ClInclude Include="src\ServerDefines.h">
      <Filter>src</Filter>
    </ClInclude>
    <ClInclude Include="src\ShowTaskBarIcon.h">
      <Filter>src</Filter>
    </ClInclude>
    <ClInclude Include="src\SimpleBrowser.h">
      <Filter>src</Filter>
    </ClInclude>
    <ClInclude Include="src\Slugify.h">
      <Filter>src</Filter>
    </ClInclude>
    <ClInclude Include="src\SnapWindow.h">
      <Filter>src</Filter>
    </ClInclude>
    <ClInclude Include="src\SpecialPasteOptions.h">
      <Filter>src</Filter>
    </ClInclude>
    <ClInclude Include="src\StdAfx.h">
      <Filter>src</Filter>
    </ClInclude>
    <ClInclude Include="src\SymbolEdit.h">
      <Filter>src</Filter>
    </ClInclude>
    <ClInclude Include="src\SystemTray.h">
      <Filter>src</Filter>
    </ClInclude>
    <ClInclude Include="src\TabCtrl.h">
      <Filter>src</Filter>
    </ClInclude>
    <ClInclude Include="src\Theme.h">
      <Filter>src</Filter>
    </ClInclude>
    <ClInclude Include="src\ToolTipEx.h">
      <Filter>src</Filter>
    </ClInclude>
    <ClInclude Include="src\TrayWnd.h">
      <Filter>src</Filter>
    </ClInclude>
    <ClInclude Include="src\UAC_Helper.h">
      <Filter>src</Filter>
    </ClInclude>
    <ClInclude Include="src\UAC_Thread.h">
      <Filter>src</Filter>
    </ClInclude>
    <ClInclude Include="src\UnicodeMacros.h">
      <Filter>src</Filter>
    </ClInclude>
    <ClInclude Include="src\WildCardMatch.h">
      <Filter>src</Filter>
    </ClInclude>
    <ClInclude Include="src\WndEx.h">
      <Filter>src</Filter>
    </ClInclude>
    <ClInclude Include="src\TinyXml\tinystr.h">
      <Filter>src\TinyXml</Filter>
    </ClInclude>
    <ClInclude Include="src\TinyXml\tinyxml.h">
      <Filter>src\TinyXml</Filter>
    </ClInclude>
    <ClInclude Include="src\sqlite\CppSQLite3.h">
      <Filter>src\sqlite</Filter>
    </ClInclude>
    <ClInclude Include="src\sqlite\sqlite3mc_amalgamation.h">
      <Filter>src\sqlite</Filter>
    </ClInclude>
  </ItemGroup>
  <ItemGroup>
    <ResourceCompile Include="CP_Main.rc">
      <Filter>res</Filter>
    </ResourceCompile>
  </ItemGroup>
  <ItemGroup>
    <CustomBuild Include="RulerRichEditCtrl\toolbar.bmp">
      <Filter>res</Filter>
    </CustomBuild>
  </ItemGroup>
  <ItemGroup>
    <None Include="res\back.bmp">
      <Filter>res</Filter>
    </None>
    <None Include="res\back1.bmp">
      <Filter>res</Filter>
    </None>
    <None Include="res\back2.bmp">
      <Filter>res</Filter>
    </None>
    <None Include="res\bitmap1.bmp">
      <Filter>res</Filter>
    </None>
    <None Include="res\bmp00001.bmp">
      <Filter>res</Filter>
    </None>
    <None Include="res\bmp00002.bmp">
      <Filter>res</Filter>
    </None>
    <None Include="res\bmp00003.bmp">
      <Filter>res</Filter>
    </None>
    <None Include="res\closed_f.bmp">
      <Filter>res</Filter>
    </None>
    <None Include="res\CP_Main.ico">
      <Filter>res</Filter>
    </None>
    <None Include="res\CP_Main.rc2">
      <Filter>res</Filter>
    </None>
    <None Include="res\CP_MainDoc.ico">
      <Filter>res</Filter>
    </None>
    <None Include="res\Ditto.ico">
      <Filter>res</Filter>
    </None>
    <None Include="res\Ditto_NoCopyCb.ico">
      <Filter>res</Filter>
    </None>
    <None Include="res\FILECOPY.AVI">
      <Filter>res</Filter>
    </None>
    <None Include="res\mainfram.bmp">
      <Filter>res</Filter>
    </None>
    <None Include="res\open_fol.bmp">
      <Filter>res</Filter>
    </None>
    <None Include="res\Toolbar.bmp">
      <Filter>res</Filter>
    </None>
    <None Include="res\toolbar1.bmp">
      <Filter>res</Filter>
    </None>
    <None Include="res\DittoNew.ico">
      <Filter>res</Filter>
    </None>
    <None Include="res\Ditto2.ico">
      <Filter>res</Filter>
    </None>
    <None Include="res\Ditto2_NoCopyCb.ico">
      <Filter>res</Filter>
    </None>
    <None Include="res\search_close.bmp">
      <Filter>res</Filter>
    </None>
    <None Include="res\search_normal.bmp">
      <Filter>res</Filter>
    </None>
    <None Include="res\folder_open.png">
      <Filter>res</Filter>
    </None>
    <None Include="res\search_close_125.bmp">
      <Filter>res</Filter>
    </None>
    <None Include="res\search_normal_200.bmp">
      <Filter>res</Filter>
    </None>
    <None Include="res\search_close_150.bmp">
      <Filter>res</Filter>
    </None>
    <None Include="res\search_close_200.bmp">
      <Filter>res</Filter>
    </None>
    <None Include="res\search_normal_125.bmp">
      <Filter>res</Filter>
    </None>
    <None Include="res\search_normal_150.bmp">
      <Filter>res</Filter>
    </None>
    <None Include="res\left-blue.png">
      <Filter>res</Filter>
    </None>
    <None Include="res\shortcut.png">
      <Filter>res</Filter>
    </None>
    <None Include="res\chevron_bottom_8_8.png">
      <Filter>res</Filter>
    </None>
    <None Include="res\chevron_bottom_10_10.png">
      <Filter>res</Filter>
    </None>
    <None Include="res\chevron_bottom_12_12.png">
      <Filter>res</Filter>
    </None>
    <None Include="res\chevron_bottom_16_16.png">
      <Filter>res</Filter>
    </None>
    <None Include="res\chevron_left_8_8.png">
      <Filter>res</Filter>
    </None>
    <None Include="res\chevron_left_10_10.png">
      <Filter>res</Filter>
    </None>
    <None Include="res\chevron_left_12_12.png">
      <Filter>res</Filter>
    </None>
    <None Include="res\chevron_left_16_16.png">
      <Filter>res</Filter>
    </None>
    <None Include="res\chevron_right_8_8.png">
      <Filter>res</Filter>
    </None>
    <None Include="res\chevron_right_10_10.png">
      <Filter>res</Filter>
    </None>
    <None Include="res\chevron_right_12_12.png">
      <Filter>res</Filter>
    </None>
    <None Include="res\chevron_right_16_16.png">
      <Filter>res</Filter>
    </None>
    <None Include="res\chevron_top_8_8.png">
      <Filter>res</Filter>
    </None>
    <None Include="res\chevron_top_10_10.png">
      <Filter>res</Filter>
    </None>
    <None Include="res\chevron_top_12_12.png">
      <Filter>res</Filter>
    </None>
    <None Include="res\chevron_top_16_16.png">
      <Filter>res</Filter>
    </None>
    <None Include="res\close_8_8.png">
      <Filter>res</Filter>
    </None>
    <None Include="res\close_10_10.png">
      <Filter>res</Filter>
    </None>
    <None Include="res\close_12_12.png">
      <Filter>res</Filter>
    </None>
    <None Include="res\close_16_16.png">
      <Filter>res</Filter>
    </None>
    <None Include="res\cog_16_16.png">
      <Filter>res</Filter>
    </None>
    <None Include="res\cog_20_20.png">
      <Filter>res</Filter>
    </None>
    <None Include="res\cog_22_22.png">
      <Filter>res</Filter>
    </None>
    <None Include="res\cog_24_24.png">
      <Filter>res</Filter>
    </None>
    <None Include="res\cog_32_32.png">
      <Filter>res</Filter>
    </None>
    <None Include="res\left_arrow_16_16.png">
      <Filter>res</Filter>
    </None>
    <None Include="res\left_arrow_20_20.png">
      <Filter>res</Filter>
    </None>
    <None Include="res\left_arrow_24_24.png">
      <Filter>res</Filter>
    </None>
    <None Include="res\left_arrow_32_32.png">
      <Filter>res</Filter>
    </None>
    <None Include="res\opened_folder_16_16.png">
      <Filter>res</Filter>
    </None>
    <None Include="res\opened_folder_20_20.png">
      <Filter>res</Filter>
    </None>
    <None Include="res\opened_folder_24_24.png">
      <Filter>res</Filter>
    </None>
    <None Include="res\opened_folder_32_32.png">
      <Filter>res</Filter>
    </None>
    <None Include="res\maximize_10_10.png">
      <Filter>res</Filter>
    </None>
    <None Include="res\maximize_8_8.png">
      <Filter>res</Filter>
    </None>
    <None Include="res\maximize_12_12.png">
      <Filter>res</Filter>
    </None>
    <None Include="res\maximize_16_16.png">
      <Filter>res</Filter>
    </None>
    <None Include="res\in_folder_16_16.png">
      <Filter>res</Filter>
    </None>
    <None Include="res\in_folder_20_20.png">
      <Filter>res</Filter>
    </None>
    <None Include="res\in_folder_24_24.png">
      <Filter>res</Filter>
    </None>
    <None Include="res\in_folder_32_32.png">
      <Filter>res</Filter>
    </None>
    <None Include="res\key_stroke_16_16.png">
      <Filter>res</Filter>
    </None>
    <None Include="res\key_stroke_20_20.png">
      <Filter>res</Filter>
    </None>
    <None Include="res\key_stroke_24_24.png">
      <Filter>res</Filter>
    </None>
    <None Include="res\key_stroke_32_32.png">
      <Filter>res</Filter>
    </None>
    <None Include="res\Sticky_16_16.png">
      <Filter>res</Filter>
    </None>
    <None Include="res\Sticky_20_20.png">
      <Filter>res</Filter>
    </None>
    <None Include="res\Sticky_24_24.png">
      <Filter>res</Filter>
    </None>
    <None Include="res\Sticky_32_32.png">
      <Filter>res</Filter>
    </None>
    <None Include="res\yellow_star_16_16.png">
      <Filter>res</Filter>
    </None>
    <None Include="res\yellow_star_20_20.png">
      <Filter>res</Filter>
    </None>
    <None Include="res\yellow_star_24_24.png">
      <Filter>res</Filter>
    </None>
    <None Include="res\yellow_star_32_32.png">
      <Filter>res</Filter>
    </None>
    <None Include="CP_Main.rgs" />
    <None Include="res\Hamburger_16_16.png">
      <Filter>res</Filter>
    </None>
    <None Include="res\Hamburger_20_20.png">
      <Filter>res</Filter>
    </None>
    <None Include="res\Hamburger_24_24.png">
      <Filter>res</Filter>
    </None>
    <None Include="res\Hamburger_32_32.png">
      <Filter>res</Filter>
    </None>
    <None Include="res\system_menu_16_16.png">
      <Filter>res</Filter>
    </None>
    <None Include="res\system_menu_20_20.png">
      <Filter>res</Filter>
    </None>
    <None Include="res\system_menu_24_24.png">
      <Filter>res</Filter>
    </None>
    <None Include="res\system_menu_32_32.png">
      <Filter>res</Filter>
    </None>
    <None Include="res\ChevronLeft_Black_16_16.png">
      <Filter>res</Filter>
    </None>
    <None Include="res\ChevronLeft_Black_20_20.png">
      <Filter>res</Filter>
    </None>
    <None Include="res\ChevronLeft_Black_24_24.png">
      <Filter>res</Filter>
    </None>
    <None Include="res\ChevronLeft_Black_28.png">
      <Filter>res</Filter>
    </None>
    <None Include="res\ChevronLeft_Black_32_32.png">
      <Filter>res</Filter>
    </None>
    <None Include="res\ChevronRight_Black_16_16.png">
      <Filter>res</Filter>
    </None>
    <None Include="res\ChevronRight_Black_20_20.png">
      <Filter>res</Filter>
    </None>
    <None Include="res\ChevronRight_Black_24_24.png">
      <Filter>res</Filter>
    </None>
    <None Include="res\ChevronRight_Black_28.png">
      <Filter>res</Filter>
    </None>
    <None Include="res\ChevronRight_Black_32_32.png">
      <Filter>res</Filter>
    </None>
    <None Include="res\Close_Black_16_16.png">
      <Filter>res</Filter>
    </None>
    <None Include="res\Close_Black_20_20.png">
      <Filter>res</Filter>
    </None>
    <None Include="res\Close_Black_24_24.png">
      <Filter>res</Filter>
    </None>
    <None Include="res\Close_Black_28.png">
      <Filter>res</Filter>
    </None>
    <None Include="res\Close_Black_32_32.png">
      <Filter>res</Filter>
    </None>
    <None Include="res\maximize_20.png">
      <Filter>res</Filter>
    </None>
    <None Include="res\maximize_24.png">
      <Filter>res</Filter>
    </None>
    <None Include="res\maximize_28.png">
      <Filter>res</Filter>
    </None>
    <None Include="res\maximize_32.png">
      <Filter>res</Filter>
    </None>
    <None Include="res\minimize_16.png">
      <Filter>res</Filter>
    </None>
    <None Include="res\minimize_20.png">
      <Filter>res</Filter>
    </None>
    <None Include="res\minimize_24.png">
      <Filter>res</Filter>
    </None>
    <None Include="res\minimize_28.png">
      <Filter>res</Filter>
    </None>
    <None Include="res\minimize_32.png">
      <Filter>res</Filter>
    </None>
    <None Include="res\NewWindowIcon_24_14.png">
      <Filter>res</Filter>
    </None>
    <None Include="res\NewWindowIcon_30.png">
      <Filter>res</Filter>
    </None>
    <None Include="res\NewWindowIcon_36.png">
      <Filter>res</Filter>
    </None>
    <None Include="res\NewWindowIcon_48.png">
      <Filter>res</Filter>
    </None>
    <None Include="res\Open Folder-24.png">
      <Filter>res</Filter>
    </None>
    <None Include="res\Open Folder-32.png">
      <Filter>res</Filter>
    </None>
    <None Include="res\open_folder_24.png">
      <Filter>res</Filter>
    </None>
    <None Include="res\open_folder_30.png">
      <Filter>res</Filter>
    </None>
    <None Include="res\open_folder_36.png">
      <Filter>res</Filter>
    </None>
    <None Include="res\open_folder_42.png">
      <Filter>res</Filter>
    </None>
    <None Include="res\open_folder_48.png">
      <Filter>res</Filter>
    </None>
    <None Include="res\return_16.png">
      <Filter>res</Filter>
    </None>
    <None Include="res\return_20.png">
      <Filter>res</Filter>
    </None>
    <None Include="res\return_24.png">
      <Filter>res</Filter>
    </None>
    <None Include="res\return_28.png">
      <Filter>res</Filter>
    </None>
    <None Include="res\return_32.png">
      <Filter>res</Filter>
    </None>
    <None Include="res\Search_16.png">
      <Filter>res</Filter>
    </None>
    <None Include="res\Search_20.png">
      <Filter>res</Filter>
    </None>
    <None Include="res\Search_24.png">
      <Filter>res</Filter>
    </None>
    <None Include="res\Search_28.png">
      <Filter>res</Filter>
    </None>
    <None Include="res\Search_32.png">
      <Filter>res</Filter>
    </None>
    <None Include="res\search_close_16.png">
      <Filter>res</Filter>
    </None>
    <None Include="res\system_menu_2_24.png">
      <Filter>res</Filter>
    </None>
    <None Include="res\system_menu_2_30.png">
      <Filter>res</Filter>
    </None>
    <None Include="res\system_menu_2_32_32.png">
      <Filter>res</Filter>
    </None>
    <None Include="res\system_menu_2_36.png">
      <Filter>res</Filter>
    </None>
    <None Include="res\system_menu_2_40_40.png">
      <Filter>res</Filter>
    </None>
    <None Include="res\system_menu_2_42.png">
      <Filter>res</Filter>
    </None>
    <None Include="res\system_menu_2_48.png">
      <Filter>res</Filter>
    </None>
    <None Include="res\system_menu_2_48_48.png">
      <Filter>res</Filter>
    </None>
    <None Include="res\system_menu_2_64_64.png">
      <Filter>res</Filter>
    </None>
    <None Include="res\cog_28.png">
      <Filter>res</Filter>
    </None>
    <None Include="res\cursor1.cur">
      <Filter>res</Filter>
    </None>
    <None Include="res\cursor2.cur">
      <Filter>res</Filter>
    </None>
    <None Include="res\cursor_zoom_in.cur">
      <Filter>res</Filter>
    </None>
    <None Include="packages.config" />
  </ItemGroup>
  <ItemGroup>
    <Filter Include="res">
      <UniqueIdentifier>{28deb94a-a909-4235-b9b6-b51408b11b6b}</UniqueIdentifier>
    </Filter>
    <Filter Include="src">
      <UniqueIdentifier>{90a3341d-7358-4eba-af80-4a0657769b21}</UniqueIdentifier>
    </Filter>
    <Filter Include="src\TinyXml">
      <UniqueIdentifier>{2e813faa-24d6-45a9-91f4-da64edcb975c}</UniqueIdentifier>
    </Filter>
    <Filter Include="src\sqlite">
      <UniqueIdentifier>{848b5476-81f3-45cf-9d47-96fd4e4f0f2e}</UniqueIdentifier>
    </Filter>
  </ItemGroup>
  <ItemGroup>
    <Midl Include="CP_Main.idl" />
  </ItemGroup>
  <ItemGroup>
    <Image Include="res\ChevronLeft_Black_36.png">
      <Filter>res</Filter>
    </Image>
    <Image Include="res\ChevronLeft_Black_40.png">
      <Filter>res</Filter>
    </Image>
    <Image Include="res\ChevronLeft_Black_44.png">
      <Filter>res</Filter>
    </Image>
    <Image Include="res\ChevronLeft_Black_48.png">
      <Filter>res</Filter>
    </Image>
    <Image Include="res\ChevronLeft_Black_52.png">
      <Filter>res</Filter>
    </Image>
    <Image Include="res\ChevronLeft_Black_56.png">
      <Filter>res</Filter>
    </Image>
    <Image Include="res\ChevronRight_Black_36.png">
      <Filter>res</Filter>
    </Image>
    <Image Include="res\ChevronRight_Black_40.png">
      <Filter>res</Filter>
    </Image>
    <Image Include="res\ChevronRight_Black_44.png">
      <Filter>res</Filter>
    </Image>
    <Image Include="res\ChevronRight_Black_48.png">
      <Filter>res</Filter>
    </Image>
    <Image Include="res\ChevronRight_Black_52.png">
      <Filter>res</Filter>
    </Image>
    <Image Include="res\ChevronRight_Black_56.png">
      <Filter>res</Filter>
    </Image>
    <Image Include="res\close_36.png">
      <Filter>res</Filter>
    </Image>
    <Image Include="res\close_40.png">
      <Filter>res</Filter>
    </Image>
    <Image Include="res\close_44.png">
      <Filter>res</Filter>
    </Image>
    <Image Include="res\close_48.png">
      <Filter>res</Filter>
    </Image>
    <Image Include="res\close_52.png">
      <Filter>res</Filter>
    </Image>
    <Image Include="res\close_56.png">
      <Filter>res</Filter>
    </Image>
    <Image Include="res\down_16.png">
      <Filter>res</Filter>
    </Image>
    <Image Include="res\down_20.png">
      <Filter>res</Filter>
    </Image>
    <Image Include="res\down_24.png">
      <Filter>res</Filter>
    </Image>
    <Image Include="res\down_28.png">
      <Filter>res</Filter>
    </Image>
    <Image Include="res\down_32.png">
      <Filter>res</Filter>
    </Image>
    <Image Include="res\maximize_36.png">
      <Filter>res</Filter>
    </Image>
    <Image Include="res\maximize_40.png">
      <Filter>res</Filter>
    </Image>
    <Image Include="res\maximize_44.png">
      <Filter>res</Filter>
    </Image>
    <Image Include="res\maximize_48.png">
      <Filter>res</Filter>
    </Image>
    <Image Include="res\maximize_52.png">
      <Filter>res</Filter>
    </Image>
    <Image Include="res\maximize_56.png">
      <Filter>res</Filter>
    </Image>
    <Image Include="res\minimize_36.png">
      <Filter>res</Filter>
    </Image>
    <Image Include="res\maximize_512.png">
      <Filter>res</Filter>
    </Image>
    <Image Include="res\minimize_40.png">
      <Filter>res</Filter>
    </Image>
    <Image Include="res\minimize_44.png">
      <Filter>res</Filter>
    </Image>
    <Image Include="res\minimize_48.png">
      <Filter>res</Filter>
    </Image>
    <Image Include="res\minimize_52.png">
      <Filter>res</Filter>
    </Image>
    <Image Include="res\minimize_56.png">
      <Filter>res</Filter>
    </Image>
    <Image Include="res\open_folder_54.png">
      <Filter>res</Filter>
    </Image>
    <Image Include="res\open_folder_60.png">
      <Filter>res</Filter>
    </Image>
    <Image Include="res\open_folder_66.png">
      <Filter>res</Filter>
    </Image>
    <Image Include="res\open_folder_72.png">
      <Filter>res</Filter>
    </Image>
    <Image Include="res\open_folder_78.png">
      <Filter>res</Filter>
    </Image>
    <Image Include="res\open_folder_84.png">
      <Filter>res</Filter>
    </Image>
    <Image Include="res\system_menu_54.png">
      <Filter>res</Filter>
    </Image>
    <Image Include="res\system_menu_60.png">
      <Filter>res</Filter>
    </Image>
    <Image Include="res\system_menu_66.png">
      <Filter>res</Filter>
    </Image>
    <Image Include="res\system_menu_72.png">
      <Filter>res</Filter>
    </Image>
    <Image Include="res\system_menu_78.png">
      <Filter>res</Filter>
    </Image>
    <Image Include="res\system_menu_84.png">
      <Filter>res</Filter>
    </Image>
    <Image Include="res\icon3.ico">
      <Filter>res</Filter>
    </Image>
    <Image Include="res\search_close_20.png">
      <Filter>res</Filter>
    </Image>
    <Image Include="res\search_close_24.png">
      <Filter>res</Filter>
    </Image>
    <Image Include="res\search_close_28.png">
      <Filter>res</Filter>
    </Image>
    <Image Include="res\search_close_32.png">
      <Filter>res</Filter>
    </Image>
    <Image Include="res\Ditto2_NoDb.ico">
      <Filter>res</Filter>
    </Image>
  </ItemGroup>
</Project>