Microsoft Visual Studio Solution File, Format Version 8.00
Project("{8BC9CEB8-8B4A-11D0-8D11-00A0C91BC942}") = "AccessToSqlite", "AccessToSqlite\AccessToSqlite.vcproj", "{BCF46FA0-B6AD-4F32-B2B6-7E0695ADE067}"
	ProjectSection(ProjectDependencies) = postProject
	EndProjectSection
EndProject
Project("{8BC9CEB8-8B4A-11D0-8D11-00A0C91BC942}") = "CP_Main", "CP_Main.vcproj", "{7C663C32-BC7F-45A9-AE88-CE5A7856D32A}"
	ProjectSection(ProjectDependencies) = postProject
		{BCF46FA0-B6AD-4F32-B2B6-7E0695ADE067} = {BCF46FA0-B6AD-4F32-B2B6-7E0695ADE067}
		{EDBEA6B3-DD77-41A3-8C97-66FF8684A7FD} = {EDBEA6B3-DD77-41A3-8C97-66FF8684A7FD}
		{EDA8DBEE-92A2-4A5D-A9ED-0FC0F037C43C} = {EDA8DBEE-92A2-4A5D-A9ED-0FC0F037C43C}
		{CD0DCFF2-51D3-4BF6-AB59-D87A204FBA79} = {CD0DCFF2-51D3-4BF6-AB59-D87A204FBA79}
	EndProjectSection
EndProject
Project("{8BC9CEB8-8B4A-11D0-8D11-00A0C91BC942}") = "EncryptDecrypt", "EncryptDecrypt\EncryptDecrypt.vcproj", "{CD0DCFF2-51D3-4BF6-AB59-D87A204FBA79}"
	ProjectSection(ProjectDependencies) = postProject
	EndProjectSection
EndProject
Project("{8BC9CEB8-8B4A-11D0-8D11-00A0C91BC942}") = "focus", "focusdll\focus.vcproj", "{EDBEA6B3-DD77-41A3-8C97-66FF8684A7FD}"
	ProjectSection(ProjectDependencies) = postProject
	EndProjectSection
EndProject
Project("{8BC9CEB8-8B4A-11D0-8D11-00A0C91BC942}") = "U3DittoStop", "U3Stop\U3Stop.vcproj", "{EDA8DBEE-92A2-4A5D-A9ED-0FC0F037C43C}"
	ProjectSection(ProjectDependencies) = postProject
	EndProjectSection
EndProject
Global
	GlobalSection(SolutionConfiguration) = preSolution
		Debug = Debug
		Release = Release
		Unicode Debug = Unicode Debug
		Unicode Release = Unicode Release
	EndGlobalSection
	GlobalSection(ProjectConfiguration) = postSolution
		{BCF46FA0-B6AD-4F32-B2B6-7E0695ADE067}.Debug.ActiveCfg = Debug|Win32
		{BCF46FA0-B6AD-4F32-B2B6-7E0695ADE067}.Debug.Build.0 = Debug|Win32
		{BCF46FA0-B6AD-4F32-B2B6-7E0695ADE067}.Release.ActiveCfg = Release|Win32
		{BCF46FA0-B6AD-4F32-B2B6-7E0695ADE067}.Release.Build.0 = Release|Win32
		{BCF46FA0-B6AD-4F32-B2B6-7E0695ADE067}.Unicode Debug.ActiveCfg = Debug|Win32
		{BCF46FA0-B6AD-4F32-B2B6-7E0695ADE067}.Unicode Debug.Build.0 = Debug|Win32
		{BCF46FA0-B6AD-4F32-B2B6-7E0695ADE067}.Unicode Release.ActiveCfg = Release|Win32
		{BCF46FA0-B6AD-4F32-B2B6-7E0695ADE067}.Unicode Release.Build.0 = Release|Win32
		{7C663C32-BC7F-45A9-AE88-CE5A7856D32A}.Debug.ActiveCfg = Debug|Win32
		{7C663C32-BC7F-45A9-AE88-CE5A7856D32A}.Debug.Build.0 = Debug|Win32
		{7C663C32-BC7F-45A9-AE88-CE5A7856D32A}.Release.ActiveCfg = Release|Win32
		{7C663C32-BC7F-45A9-AE88-CE5A7856D32A}.Release.Build.0 = Release|Win32
		{7C663C32-BC7F-45A9-AE88-CE5A7856D32A}.Unicode Debug.ActiveCfg = Unicode Debug|Win32
		{7C663C32-BC7F-45A9-AE88-CE5A7856D32A}.Unicode Debug.Build.0 = Unicode Debug|Win32
		{7C663C32-BC7F-45A9-AE88-CE5A7856D32A}.Unicode Release.ActiveCfg = Unicode Release|Win32
		{7C663C32-BC7F-45A9-AE88-CE5A7856D32A}.Unicode Release.Build.0 = Unicode Release|Win32
		{CD0DCFF2-51D3-4BF6-AB59-D87A204FBA79}.Debug.ActiveCfg = Debug|Win32
		{CD0DCFF2-51D3-4BF6-AB59-D87A204FBA79}.Debug.Build.0 = Debug|Win32
		{CD0DCFF2-51D3-4BF6-AB59-D87A204FBA79}.Release.ActiveCfg = Release|Win32
		{CD0DCFF2-51D3-4BF6-AB59-D87A204FBA79}.Release.Build.0 = Release|Win32
		{CD0DCFF2-51D3-4BF6-AB59-D87A204FBA79}.Unicode Debug.ActiveCfg = Unicode Debug|Win32
		{CD0DCFF2-51D3-4BF6-AB59-D87A204FBA79}.Unicode Debug.Build.0 = Unicode Debug|Win32
		{CD0DCFF2-51D3-4BF6-AB59-D87A204FBA79}.Unicode Release.ActiveCfg = Unicode Release|Win32
		{CD0DCFF2-51D3-4BF6-AB59-D87A204FBA79}.Unicode Release.Build.0 = Unicode Release|Win32
		{EDBEA6B3-DD77-41A3-8C97-66FF8684A7FD}.Debug.ActiveCfg = Debug|Win32
		{EDBEA6B3-DD77-41A3-8C97-66FF8684A7FD}.Debug.Build.0 = Debug|Win32
		{EDBEA6B3-DD77-41A3-8C97-66FF8684A7FD}.Release.ActiveCfg = Release|Win32
		{EDBEA6B3-DD77-41A3-8C97-66FF8684A7FD}.Release.Build.0 = Release|Win32
		{EDBEA6B3-DD77-41A3-8C97-66FF8684A7FD}.Unicode Debug.ActiveCfg = Debug|Win32
		{EDBEA6B3-DD77-41A3-8C97-66FF8684A7FD}.Unicode Debug.Build.0 = Debug|Win32
		{EDBEA6B3-DD77-41A3-8C97-66FF8684A7FD}.Unicode Release.ActiveCfg = Release|Win32
		{EDBEA6B3-DD77-41A3-8C97-66FF8684A7FD}.Unicode Release.Build.0 = Release|Win32
		{EDA8DBEE-92A2-4A5D-A9ED-0FC0F037C43C}.Debug.ActiveCfg = Debug|Win32
		{EDA8DBEE-92A2-4A5D-A9ED-0FC0F037C43C}.Debug.Build.0 = Debug|Win32
		{EDA8DBEE-92A2-4A5D-A9ED-0FC0F037C43C}.Release.ActiveCfg = Release|Win32
		{EDA8DBEE-92A2-4A5D-A9ED-0FC0F037C43C}.Release.Build.0 = Release|Win32
		{EDA8DBEE-92A2-4A5D-A9ED-0FC0F037C43C}.Unicode Debug.ActiveCfg = Debug|Win32
		{EDA8DBEE-92A2-4A5D-A9ED-0FC0F037C43C}.Unicode Debug.Build.0 = Debug|Win32
		{EDA8DBEE-92A2-4A5D-A9ED-0FC0F037C43C}.Unicode Release.ActiveCfg = Release|Win32
		{EDA8DBEE-92A2-4A5D-A9ED-0FC0F037C43C}.Unicode Release.Build.0 = Release|Win32
	EndGlobalSection
	GlobalSection(ExtensibilityGlobals) = postSolution
	EndGlobalSection
	GlobalSection(ExtensibilityAddIns) = postSolution
	EndGlobalSection
EndGlobal
